
Microsoft Visual Studio Solution File, Format Version 12.00
# Visual Studio Version 17
VisualStudioVersion = 17.11.35327.3
MinimumVisualStudioVersion = 10.0.40219.1
Project("{FAE04EC0-301F-11D3-BF4B-00C04F79EFBC}") = "Library Management System", "Library Management System\Library Management System.csproj", "{8D92B6D5-04E7-42DE-8AF5-D53533FAF1FE}"
EndProject
Global
	GlobalSection(SolutionConfigurationPlatforms) = preSolution
		Debug|Any CPU = Debug|Any CPU
		Release|Any CPU = Release|Any CPU
	EndGlobalSection
	GlobalSection(ProjectConfigurationPlatforms) = postSolution
		{8D92B6D5-04E7-42DE-8AF5-D53533FAF1FE}.Debug|Any CPU.ActiveCfg = Debug|Any CPU
		{8D92B6D5-04E7-42DE-8AF5-D53533FAF1FE}.Debug|Any CPU.Build.0 = Debug|Any CPU
		{8D92B6D5-04E7-42DE-8AF5-D53533FAF1FE}.Release|Any CPU.ActiveCfg = Release|Any CPU
		{8D92B6D5-04E7-42DE-8AF5-D53533FAF1FE}.Release|Any CPU.Build.0 = Release|Any CPU
	EndGlobalSection
	GlobalSection(SolutionProperties) = preSolution
		HideSolutionNode = FALSE
	EndGlobalSection
	GlobalSection(ExtensibilityGlobals) = postSolution
		SolutionGuid = {0FCA9C18-668D-4F16-845A-5E539CC713CC}
	EndGlobalSection
EndGlobal
